<?xml version="1.0"?>
<Project ToolsVersion="4.0" xmlns="http://schemas.microsoft.com/developer/msbuild/2003">
	<ItemGroup>
		<ClCompile Include="src\ofApp.cpp">
			<Filter>src</Filter>
		</ClCompile>
		<ClCompile Include="src\main.cpp">
			<Filter>src</Filter>
		</ClCompile>
		<ClCompile Include="src\Aurora.cpp">
			<Filter>src</Filter>
		</ClCompile>
		<ClCompile Include="src\Background.cpp">
			<Filter>src</Filter>
		</ClCompile>
		<ClCompile Include="src\Blood.cpp">
			<Filter>src</Filter>
		</ClCompile>
		<ClCompile Include="src\BubbleLayer.cpp">
			<Filter>src</Filter>
		</ClCompile>
		<ClCompile Include="src\Heat.cpp">
			<Filter>src</Filter>
		</ClCompile>
		<ClCompile Include="src\main.cpp">
			<Filter>src</Filter>
		</ClCompile>
		<ClCompile Include="src\MultiDot.cpp">
			<Filter>src</Filter>
		</ClCompile>
		<ClCompile Include="src\Octogons.cpp">
			<Filter>src</Filter>
		</ClCompile>
		<ClCompile Include="src\ofApp.cpp">
			<Filter>src</Filter>
		</ClCompile>
		<ClCompile Include="src\Origami.cpp">
			<Filter>src</Filter>
		</ClCompile>
		<ClCompile Include="src\Panel.cpp">
			<Filter>src</Filter>
		</ClCompile>
		<ClCompile Include="src\Wind.cpp">
			<Filter>src</Filter>
		</ClCompile>
		<ClCompile Include="..\..\..\addons\ofxAudioFile\src\ofxAudioFile.cpp">
			<Filter>addons\ofxAudioFile\src</Filter>
		</ClCompile>
		<ClCompile Include="..\..\..\addons\ofxGist\src\ofxGist.cpp">
			<Filter>addons\ofxGist\src</Filter>
		</ClCompile>
		<ClCompile Include="..\..\..\addons\ofxGist\libs\Gist\src\core\CoreFrequencyDomainFeatures.cpp">
			<Filter>addons\ofxGist\libs\Gist\src\core</Filter>
		</ClCompile>
		<ClCompile Include="..\..\..\addons\ofxGist\libs\Gist\src\core\CoreTimeDomainFeatures.cpp">
			<Filter>addons\ofxGist\libs\Gist\src\core</Filter>
		</ClCompile>
		<ClCompile Include="..\..\..\addons\ofxGist\libs\Gist\src\mfcc\MFCC.cpp">
			<Filter>addons\ofxGist\libs\Gist\src\mfcc</Filter>
		</ClCompile>
		<ClCompile Include="..\..\..\addons\ofxGist\libs\Gist\src\onset-detection-functions\OnsetDetectionFunction.cpp">
			<Filter>addons\ofxGist\libs\Gist\src\onset-detection-functions</Filter>
		</ClCompile>
		<ClCompile Include="..\..\..\addons\ofxGist\libs\Gist\src\pitch\Yin.cpp">
			<Filter>addons\ofxGist\libs\Gist\src\pitch</Filter>
		</ClCompile>
		<ClCompile Include="..\..\..\addons\ofxGist\libs\kiss_fft130\kiss_fft.c">
			<Filter>addons\ofxGist\libs\kiss_fft130</Filter>
		</ClCompile>
		<ClCompile Include="..\..\..\addons\ofxGist\libs\Stark-Plumbley\ChordDetector.cpp">
			<Filter>addons\ofxGist\libs\Stark-Plumbley</Filter>
		</ClCompile>
		<ClCompile Include="..\..\..\addons\ofxGist\libs\Stark-Plumbley\Chromagram.cpp">
			<Filter>addons\ofxGist\libs\Stark-Plumbley</Filter>
		</ClCompile>
		<ClCompile Include="..\..\..\addons\ofxGui\src\ofxBaseGui.cpp">
			<Filter>addons\ofxGui\src</Filter>
		</ClCompile>
		<ClCompile Include="..\..\..\addons\ofxGui\src\ofxButton.cpp">
			<Filter>addons\ofxGui\src</Filter>
		</ClCompile>
		<ClCompile Include="..\..\..\addons\ofxGui\src\ofxColorPicker.cpp">
			<Filter>addons\ofxGui\src</Filter>
		</ClCompile>
		<ClCompile Include="..\..\..\addons\ofxGui\src\ofxGuiGroup.cpp">
			<Filter>addons\ofxGui\src</Filter>
		</ClCompile>
		<ClCompile Include="..\..\..\addons\ofxGui\src\ofxInputField.cpp">
			<Filter>addons\ofxGui\src</Filter>
		</ClCompile>
		<ClCompile Include="..\..\..\addons\ofxGui\src\ofxLabel.cpp">
			<Filter>addons\ofxGui\src</Filter>
		</ClCompile>
		<ClCompile Include="..\..\..\addons\ofxGui\src\ofxPanel.cpp">
			<Filter>addons\ofxGui\src</Filter>
		</ClCompile>
		<ClCompile Include="..\..\..\addons\ofxGui\src\ofxSlider.cpp">
			<Filter>addons\ofxGui\src</Filter>
		</ClCompile>
		<ClCompile Include="..\..\..\addons\ofxGui\src\ofxSliderGroup.cpp">
			<Filter>addons\ofxGui\src</Filter>
		</ClCompile>
		<ClCompile Include="..\..\..\addons\ofxGui\src\ofxToggle.cpp">
			<Filter>addons\ofxGui\src</Filter>
		</ClCompile>
		<ClCompile Include="..\..\..\addons\ofxSoundObjects\src\ofxSoundFile.cpp">
			<Filter>addons\ofxSoundObjects\src</Filter>
		</ClCompile>
		<ClCompile Include="..\..\..\addons\ofxSoundObjects\src\ofxSoundMixer.cpp">
			<Filter>addons\ofxSoundObjects\src</Filter>
		</ClCompile>
		<ClCompile Include="..\..\..\addons\ofxSoundObjects\src\ofxSoundMultiplexer.cpp">
			<Filter>addons\ofxSoundObjects\src</Filter>
		</ClCompile>
		<ClCompile Include="..\..\..\addons\ofxSoundObjects\src\ofxSoundObject.cpp">
			<Filter>addons\ofxSoundObjects\src</Filter>
		</ClCompile>
		<ClCompile Include="..\..\..\addons\ofxSoundObjects\src\ofxSoundObjectsUtils.cpp">
			<Filter>addons\ofxSoundObjects\src</Filter>
		</ClCompile>
		<ClCompile Include="..\..\..\addons\ofxSoundObjects\src\ofxSoundPlayerObject.cpp">
			<Filter>addons\ofxSoundObjects\src</Filter>
		</ClCompile>
		<ClCompile Include="..\..\..\addons\ofxSpout\src\ofxSpout\Receiver.cpp">
			<Filter>addons\ofxSpout\src\ofxSpout</Filter>
		</ClCompile>
		<ClCompile Include="..\..\..\addons\ofxSpout\src\ofxSpout\Sender.cpp">
			<Filter>addons\ofxSpout\src\ofxSpout</Filter>
		</ClCompile>
		<ClCompile Include="..\..\..\addons\ofxSpout\src\ofxSpout\Utils.cpp">
			<Filter>addons\ofxSpout\src\ofxSpout</Filter>
		</ClCompile>
		<ClCompile Include="..\..\..\addons\ofxSpout\libs\SpoutSDK\src\SpoutDirectX.cpp">
			<Filter>addons\ofxSpout\libs\SpoutSDK\src</Filter>
		</ClCompile>
		<ClCompile Include="..\..\..\addons\ofxSpout\libs\SpoutSDK\src\SpoutGLDXinterop.cpp">
			<Filter>addons\ofxSpout\libs\SpoutSDK\src</Filter>
		</ClCompile>
		<ClCompile Include="..\..\..\addons\ofxSpout\libs\SpoutSDK\src\SpoutGLextensions.cpp">
			<Filter>addons\ofxSpout\libs\SpoutSDK\src</Filter>
		</ClCompile>
		<ClCompile Include="..\..\..\addons\ofxSpout\libs\SpoutSDK\src\SpoutMemoryShare.cpp">
			<Filter>addons\ofxSpout\libs\SpoutSDK\src</Filter>
		</ClCompile>
		<ClCompile Include="..\..\..\addons\ofxSpout\libs\SpoutSDK\src\SpoutReceiver.cpp">
			<Filter>addons\ofxSpout\libs\SpoutSDK\src</Filter>
		</ClCompile>
		<ClCompile Include="..\..\..\addons\ofxSpout\libs\SpoutSDK\src\SpoutSDK.cpp">
			<Filter>addons\ofxSpout\libs\SpoutSDK\src</Filter>
		</ClCompile>
		<ClCompile Include="..\..\..\addons\ofxSpout\libs\SpoutSDK\src\SpoutSender.cpp">
			<Filter>addons\ofxSpout\libs\SpoutSDK\src</Filter>
		</ClCompile>
		<ClCompile Include="..\..\..\addons\ofxSpout\libs\SpoutSDK\src\SpoutSenderNames.cpp">
			<Filter>addons\ofxSpout\libs\SpoutSDK\src</Filter>
		</ClCompile>
		<ClCompile Include="..\..\..\addons\ofxSpout\libs\SpoutSDK\src\SpoutSharedMemory.cpp">
			<Filter>addons\ofxSpout\libs\SpoutSDK\src</Filter>
		</ClCompile>
	</ItemGroup>
	<ItemGroup>
		<Filter Include="src">
			<UniqueIdentifier>{d8376475-7454-4a24-b08a-aac121d3ad6f}</UniqueIdentifier>
		</Filter>
		<Filter Include="addons">
			<UniqueIdentifier>{71834F65-F3A9-211E-73B8-DC85}</UniqueIdentifier>
		</Filter>
		<Filter Include="addons\ofxAudioFile">
			<UniqueIdentifier>{010EAA6C-DF0B-6AE2-9885-C475}</UniqueIdentifier>
		</Filter>
		<Filter Include="addons\ofxAudioFile\src">
			<UniqueIdentifier>{C1E6B5D8-5BFE-B788-AEF4-D956}</UniqueIdentifier>
		</Filter>
		<Filter Include="addons\ofxAudioFile\libs">
			<UniqueIdentifier>{FFF0DC64-CB2B-F1B7-B927-0659}</UniqueIdentifier>
		</Filter>
		<Filter Include="addons\ofxGist">
			<UniqueIdentifier>{31EA2BA3-7788-547D-06B4-AFDD}</UniqueIdentifier>
		</Filter>
		<Filter Include="addons\ofxGist\src">
			<UniqueIdentifier>{F8091373-FD72-BABE-B10E-D3E5}</UniqueIdentifier>
		</Filter>
		<Filter Include="addons\ofxGist\libs">
			<UniqueIdentifier>{A1B4C7FE-6744-B2ED-2396-F0E1}</UniqueIdentifier>
		</Filter>
		<Filter Include="addons\ofxGist\libs\Gist">
			<UniqueIdentifier>{A8CB5C61-836A-42F5-F315-8146}</UniqueIdentifier>
		</Filter>
		<Filter Include="addons\ofxGist\libs\Gist\src">
			<UniqueIdentifier>{FB75FD2B-29BA-A8D1-D3A1-BE83}</UniqueIdentifier>
		</Filter>
		<Filter Include="addons\ofxGist\libs\Gist\src\core">
			<UniqueIdentifier>{22881F6D-8832-80A7-FC67-0D59}</UniqueIdentifier>
		</Filter>
		<Filter Include="addons\ofxGist\libs\Gist\src\mfcc">
			<UniqueIdentifier>{0995885F-1E39-5004-5C05-1F74}</UniqueIdentifier>
		</Filter>
		<Filter Include="addons\ofxGist\libs\Gist\src\onset-detection-functions">
			<UniqueIdentifier>{A61AD531-7FF3-AFCB-4B5F-EED8}</UniqueIdentifier>
		</Filter>
		<Filter Include="addons\ofxGist\libs\Gist\src\pitch">
			<UniqueIdentifier>{1763ED2D-D041-A3F2-4E21-CB9A}</UniqueIdentifier>
		</Filter>
		<Filter Include="addons\ofxGist\libs\kiss_fft130">
			<UniqueIdentifier>{082258AE-5333-9BCB-6410-629B}</UniqueIdentifier>
		</Filter>
		<Filter Include="addons\ofxGist\libs\Stark-Plumbley">
			<UniqueIdentifier>{75DBBEB8-5932-3FC3-FB4B-BC29}</UniqueIdentifier>
		</Filter>
		<Filter Include="addons\ofxGui">
			<UniqueIdentifier>{4F2A59AF-5F4E-704B-D067-EC13}</UniqueIdentifier>
		</Filter>
		<Filter Include="addons\ofxGui\src">
			<UniqueIdentifier>{645E9533-4DCD-6179-1CDF-CB65}</UniqueIdentifier>
		</Filter>
		<Filter Include="addons\ofxSoundObjects">
			<UniqueIdentifier>{A1DEA472-3243-C85B-12C4-7080}</UniqueIdentifier>
		</Filter>
		<Filter Include="addons\ofxSoundObjects\src">
			<UniqueIdentifier>{F49E5818-5434-4299-95C1-2A8C}</UniqueIdentifier>
		</Filter>
		<Filter Include="addons\ofxSoundObjects\src\SoundObjects">
			<UniqueIdentifier>{7D005C6E-D3DD-315D-EF0E-E12B}</UniqueIdentifier>
		</Filter>
		<Filter Include="addons\ofxSoundObjects\libs">
			<UniqueIdentifier>{CA257C88-51C5-C10C-1BE0-4E5F}</UniqueIdentifier>
		</Filter>
		<Filter Include="addons\ofxSoundObjects\libs\libsndfile">
			<UniqueIdentifier>{53910C6B-CFE4-A25E-6FFC-3244}</UniqueIdentifier>
		</Filter>
		<Filter Include="addons\ofxSoundObjects\libs\libsndfile\include">
			<UniqueIdentifier>{5120E882-8370-1D4E-CA16-3BD0}</UniqueIdentifier>
		</Filter>
		<Filter Include="addons\ofxSpout">
			<UniqueIdentifier>{F4DD1F4F-E479-F60E-B010-30BD}</UniqueIdentifier>
		</Filter>
		<Filter Include="addons\ofxSpout\src">
			<UniqueIdentifier>{836FBDC0-375C-97EA-F6ED-9730}</UniqueIdentifier>
		</Filter>
		<Filter Include="addons\ofxSpout\src\ofxSpout">
			<UniqueIdentifier>{E7ABD4B0-4F90-69C0-118F-5894}</UniqueIdentifier>
		</Filter>
		<Filter Include="addons\ofxSpout\libs">
			<UniqueIdentifier>{7070A9E6-A71C-4358-F0E4-3D28}</UniqueIdentifier>
		</Filter>
		<Filter Include="addons\ofxSpout\libs\SpoutSDK">
			<UniqueIdentifier>{DBA8F4A5-5C4B-6BC3-C55A-E264}</UniqueIdentifier>
		</Filter>
		<Filter Include="addons\ofxSpout\libs\SpoutSDK\src">
			<UniqueIdentifier>{CC43A1EC-9F74-499A-D230-67A8}</UniqueIdentifier>
		</Filter>
	</ItemGroup>
	<ItemGroup>
		<ClInclude Include="src\ofApp.h">
			<Filter>src</Filter>
		</ClInclude>
		<ClInclude Include="src\Aurora.h">
			<Filter>src</Filter>
		</ClInclude>
		<ClInclude Include="src\Background.h">
			<Filter>src</Filter>
		</ClInclude>
		<ClInclude Include="src\Blood.h">
			<Filter>src</Filter>
		</ClInclude>
		<ClInclude Include="src\BubbleLayer.h">
			<Filter>src</Filter>
		</ClInclude>
		<ClInclude Include="src\Heat.h">
			<Filter>src</Filter>
		</ClInclude>
		<ClInclude Include="src\MultiDot.h">
			<Filter>src</Filter>
		</ClInclude>
		<ClInclude Include="src\Octogons.h">
			<Filter>src</Filter>
		</ClInclude>
		<ClInclude Include="src\ofApp.h">
			<Filter>src</Filter>
		</ClInclude>
		<ClInclude Include="src\Origami.h">
			<Filter>src</Filter>
		</ClInclude>
		<ClInclude Include="src\Panel.h">
			<Filter>src</Filter>
		</ClInclude>
		<ClInclude Include="src\Wind.h">
			<Filter>src</Filter>
		</ClInclude>
		<ClInclude Include="..\..\..\addons\ofxAudioFile\src\ofxAudioFile.h">
			<Filter>addons\ofxAudioFile\src</Filter>
		</ClInclude>
		<ClInclude Include="..\..\..\addons\ofxAudioFile\libs\dr_flac.h">
			<Filter>addons\ofxAudioFile\libs</Filter>
		</ClInclude>
		<ClInclude Include="..\..\..\addons\ofxAudioFile\libs\dr_mp3.h">
			<Filter>addons\ofxAudioFile\libs</Filter>
		</ClInclude>
		<ClInclude Include="..\..\..\addons\ofxAudioFile\libs\dr_wav.h">
			<Filter>addons\ofxAudioFile\libs</Filter>
		</ClInclude>
		<ClInclude Include="..\..\..\addons\ofxAudioFile\libs\stb_vorbis.h">
			<Filter>addons\ofxAudioFile\libs</Filter>
		</ClInclude>
		<ClInclude Include="..\..\..\addons\ofxGist\src\ofxGist.h">
			<Filter>addons\ofxGist\src</Filter>
		</ClInclude>
		<ClInclude Include="..\..\..\addons\ofxGist\libs\Gist\src\core\CoreFrequencyDomainFeatures.h">
			<Filter>addons\ofxGist\libs\Gist\src\core</Filter>
		</ClInclude>
		<ClInclude Include="..\..\..\addons\ofxGist\libs\Gist\src\core\CoreTimeDomainFeatures.h">
			<Filter>addons\ofxGist\libs\Gist\src\core</Filter>
		</ClInclude>
		<ClInclude Include="..\..\..\addons\ofxGist\libs\Gist\src\Gist.h">
			<Filter>addons\ofxGist\libs\Gist\src</Filter>
		</ClInclude>
		<ClInclude Include="..\..\..\addons\ofxGist\libs\Gist\src\mfcc\MFCC.h">
			<Filter>addons\ofxGist\libs\Gist\src\mfcc</Filter>
		</ClInclude>
		<ClInclude Include="..\..\..\addons\ofxGist\libs\Gist\src\onset-detection-functions\OnsetDetectionFunction.h">
			<Filter>addons\ofxGist\libs\Gist\src\onset-detection-functions</Filter>
		</ClInclude>
		<ClInclude Include="..\..\..\addons\ofxGist\libs\Gist\src\pitch\Yin.h">
			<Filter>addons\ofxGist\libs\Gist\src\pitch</Filter>
		</ClInclude>
		<ClInclude Include="..\..\..\addons\ofxGist\libs\kiss_fft130\kiss_fft.h">
			<Filter>addons\ofxGist\libs\kiss_fft130</Filter>
		</ClInclude>
		<ClInclude Include="..\..\..\addons\ofxGist\libs\kiss_fft130\_kiss_fft_guts.h">
			<Filter>addons\ofxGist\libs\kiss_fft130</Filter>
		</ClInclude>
		<ClInclude Include="..\..\..\addons\ofxGist\libs\Stark-Plumbley\ChordDetector.h">
			<Filter>addons\ofxGist\libs\Stark-Plumbley</Filter>
		</ClInclude>
		<ClInclude Include="..\..\..\addons\ofxGist\libs\Stark-Plumbley\Chromagram.h">
			<Filter>addons\ofxGist\libs\Stark-Plumbley</Filter>
		</ClInclude>
		<ClInclude Include="..\..\..\addons\ofxGui\src\ofxBaseGui.h">
			<Filter>addons\ofxGui\src</Filter>
		</ClInclude>
		<ClInclude Include="..\..\..\addons\ofxGui\src\ofxButton.h">
			<Filter>addons\ofxGui\src</Filter>
		</ClInclude>
		<ClInclude Include="..\..\..\addons\ofxGui\src\ofxColorPicker.h">
			<Filter>addons\ofxGui\src</Filter>
		</ClInclude>
		<ClInclude Include="..\..\..\addons\ofxGui\src\ofxGui.h">
			<Filter>addons\ofxGui\src</Filter>
		</ClInclude>
		<ClInclude Include="..\..\..\addons\ofxGui\src\ofxGuiGroup.h">
			<Filter>addons\ofxGui\src</Filter>
		</ClInclude>
		<ClInclude Include="..\..\..\addons\ofxGui\src\ofxInputField.h">
			<Filter>addons\ofxGui\src</Filter>
		</ClInclude>
		<ClInclude Include="..\..\..\addons\ofxGui\src\ofxLabel.h">
			<Filter>addons\ofxGui\src</Filter>
		</ClInclude>
		<ClInclude Include="..\..\..\addons\ofxGui\src\ofxPanel.h">
			<Filter>addons\ofxGui\src</Filter>
		</ClInclude>
		<ClInclude Include="..\..\..\addons\ofxGui\src\ofxSlider.h">
			<Filter>addons\ofxGui\src</Filter>
		</ClInclude>
		<ClInclude Include="..\..\..\addons\ofxGui\src\ofxSliderGroup.h">
			<Filter>addons\ofxGui\src</Filter>
		</ClInclude>
		<ClInclude Include="..\..\..\addons\ofxGui\src\ofxToggle.h">
			<Filter>addons\ofxGui\src</Filter>
		</ClInclude>
		<ClInclude Include="..\..\..\addons\ofxSoundObjects\src\ofxSoundFile.h">
			<Filter>addons\ofxSoundObjects\src</Filter>
		</ClInclude>
		<ClInclude Include="..\..\..\addons\ofxSoundObjects\src\ofxSoundMixer.h">
			<Filter>addons\ofxSoundObjects\src</Filter>
		</ClInclude>
		<ClInclude Include="..\..\..\addons\ofxSoundObjects\src\ofxSoundMultiplexer.h">
			<Filter>addons\ofxSoundObjects\src</Filter>
		</ClInclude>
		<ClInclude Include="..\..\..\addons\ofxSoundObjects\src\ofxSoundObject.h">
			<Filter>addons\ofxSoundObjects\src</Filter>
		</ClInclude>
		<ClInclude Include="..\..\..\addons\ofxSoundObjects\src\ofxSoundObjects.h">
			<Filter>addons\ofxSoundObjects\src</Filter>
		</ClInclude>
		<ClInclude Include="..\..\..\addons\ofxSoundObjects\src\ofxSoundObjectsUtils.h">
			<Filter>addons\ofxSoundObjects\src</Filter>
		</ClInclude>
		<ClInclude Include="..\..\..\addons\ofxSoundObjects\src\ofxSoundPlayerObject.h">
			<Filter>addons\ofxSoundObjects\src</Filter>
		</ClInclude>
		<ClInclude Include="..\..\..\addons\ofxSoundObjects\src\SoundObjects\DigitalDelay.h">
			<Filter>addons\ofxSoundObjects\src\SoundObjects</Filter>
		</ClInclude>
		<ClInclude Include="..\..\..\addons\ofxSoundObjects\src\SoundObjects\LowPassFilter.h">
			<Filter>addons\ofxSoundObjects\src\SoundObjects</Filter>
		</ClInclude>
		<ClInclude Include="..\..\..\addons\ofxSoundObjects\src\SoundObjects\NoiseGenerator.h">
			<Filter>addons\ofxSoundObjects\src\SoundObjects</Filter>
		</ClInclude>
		<ClInclude Include="..\..\..\addons\ofxSoundObjects\src\SoundObjects\SineWaveGenerator.h">
			<Filter>addons\ofxSoundObjects\src\SoundObjects</Filter>
		</ClInclude>
		<ClInclude Include="..\..\..\addons\ofxSoundObjects\src\SoundObjects\waveformDraw.h">
			<Filter>addons\ofxSoundObjects\src\SoundObjects</Filter>
		</ClInclude>
		<ClInclude Include="..\..\..\addons\ofxSoundObjects\libs\libsndfile\include\sndfile.h">
			<Filter>addons\ofxSoundObjects\libs\libsndfile\include</Filter>
		</ClInclude>
		<ClInclude Include="..\..\..\addons\ofxSpout\src\ofxSpout\Receiver.h">
			<Filter>addons\ofxSpout\src\ofxSpout</Filter>
		</ClInclude>
		<ClInclude Include="..\..\..\addons\ofxSpout\src\ofxSpout\Sender.h">
			<Filter>addons\ofxSpout\src\ofxSpout</Filter>
		</ClInclude>
		<ClInclude Include="..\..\..\addons\ofxSpout\src\ofxSpout\Utils.h">
			<Filter>addons\ofxSpout\src\ofxSpout</Filter>
		</ClInclude>
		<ClInclude Include="..\..\..\addons\ofxSpout\src\ofxSpout.h">
			<Filter>addons\ofxSpout\src</Filter>
		</ClInclude>
		<ClInclude Include="..\..\..\addons\ofxSpout\libs\SpoutSDK\src\Spout.h">
			<Filter>addons\ofxSpout\libs\SpoutSDK\src</Filter>
		</ClInclude>
		<ClInclude Include="..\..\..\addons\ofxSpout\libs\SpoutSDK\src\SpoutCommon.h">
			<Filter>addons\ofxSpout\libs\SpoutSDK\src</Filter>
		</ClInclude>
		<ClInclude Include="..\..\..\addons\ofxSpout\libs\SpoutSDK\src\SpoutDirectX.h">
			<Filter>addons\ofxSpout\libs\SpoutSDK\src</Filter>
		</ClInclude>
		<ClInclude Include="..\..\..\addons\ofxSpout\libs\SpoutSDK\src\SpoutGLDXinterop.h">
			<Filter>addons\ofxSpout\libs\SpoutSDK\src</Filter>
		</ClInclude>
		<ClInclude Include="..\..\..\addons\ofxSpout\libs\SpoutSDK\src\SpoutGLextensions.h">
			<Filter>addons\ofxSpout\libs\SpoutSDK\src</Filter>
		</ClInclude>
		<ClInclude Include="..\..\..\addons\ofxSpout\libs\SpoutSDK\src\SpoutMemoryShare.h">
			<Filter>addons\ofxSpout\libs\SpoutSDK\src</Filter>
		</ClInclude>
		<ClInclude Include="..\..\..\addons\ofxSpout\libs\SpoutSDK\src\SpoutReceiver.h">
			<Filter>addons\ofxSpout\libs\SpoutSDK\src</Filter>
		</ClInclude>
		<ClInclude Include="..\..\..\addons\ofxSpout\libs\SpoutSDK\src\SpoutSDK.h">
			<Filter>addons\ofxSpout\libs\SpoutSDK\src</Filter>
		</ClInclude>
		<ClInclude Include="..\..\..\addons\ofxSpout\libs\SpoutSDK\src\SpoutSender.h">
			<Filter>addons\ofxSpout\libs\SpoutSDK\src</Filter>
		</ClInclude>
		<ClInclude Include="..\..\..\addons\ofxSpout\libs\SpoutSDK\src\SpoutSenderNames.h">
			<Filter>addons\ofxSpout\libs\SpoutSDK\src</Filter>
		</ClInclude>
		<ClInclude Include="..\..\..\addons\ofxSpout\libs\SpoutSDK\src\SpoutSharedMemory.h">
			<Filter>addons\ofxSpout\libs\SpoutSDK\src</Filter>
		</ClInclude>
	</ItemGroup>
	<ItemGroup>
		<ResourceCompile Include="icon.rc" />
	</ItemGroup>
</Project>
